// !$*UTF8*$!
{
	archiveVersion = 1;
	classes = {
	};
	objectVersion = 50;
	objects = {

/* Begin PBXBuildFile section */
		4624000123F02D25007454EA /* Assets.xcassets in Resources */ = {isa = PBXBuildFile; fileRef = 4624000023F02D25007454EA /* Assets.xcassets */; };
		4624000423F02D25007454EA /* LaunchScreen.storyboard in Resources */ = {isa = PBXBuildFile; fileRef = 4624000223F02D25007454EA /* LaunchScreen.storyboard */; };
		4624000C23F02DCA007454EA /* Friend.swift in Sources */ = {isa = PBXBuildFile; fileRef = 4624000B23F02DCA007454EA /* Friend.swift */; };
		4624FFF823F02D24007454EA /* AppDelegate.swift in Sources */ = {isa = PBXBuildFile; fileRef = 4624FFF723F02D24007454EA /* AppDelegate.swift */; };
		4624FFFA23F02D24007454EA /* SceneDelegate.swift in Sources */ = {isa = PBXBuildFile; fileRef = 4624FFF923F02D24007454EA /* SceneDelegate.swift */; };
		4624FFFC23F02D24007454EA /* ViewController.swift in Sources */ = {isa = PBXBuildFile; fileRef = 4624FFFB23F02D24007454EA /* ViewController.swift */; };
		4624FFFF23F02D24007454EA /* Main.storyboard in Resources */ = {isa = PBXBuildFile; fileRef = 4624FFFD23F02D24007454EA /* Main.storyboard */; };
		4693CB8223F84D95004C7EC7 /* Int-Time Formatting.swift in Sources */ = {isa = PBXBuildFile; fileRef = 4693CB8123F84D95004C7EC7 /* Int-Time Formatting.swift */; };
		46991C7B23F03AC70041C8BC /* FriendViewController.swift in Sources */ = {isa = PBXBuildFile; fileRef = 46991C7A23F03AC70041C8BC /* FriendViewController.swift */; };
		46D55A8923F03CA7002E19BE /* TextTableViewCell.swift in Sources */ = {isa = PBXBuildFile; fileRef = 46D55A8823F03CA7002E19BE /* TextTableViewCell.swift */; };
/* End PBXBuildFile section */

/* Begin PBXFileReference section */
		4624000023F02D25007454EA /* Assets.xcassets */ = {isa = PBXFileReference; lastKnownFileType = folder.assetcatalog; path = Assets.xcassets; sourceTree = "<group>"; };
		4624000323F02D25007454EA /* Base */ = {isa = PBXFileReference; lastKnownFileType = file.storyboard; name = Base; path = Base.lproj/LaunchScreen.storyboard; sourceTree = "<group>"; };
		4624000523F02D25007454EA /* Info.plist */ = {isa = PBXFileReference; lastKnownFileType = text.plist.xml; path = Info.plist; sourceTree = "<group>"; };
		4624000B23F02DCA007454EA /* Friend.swift */ = {isa = PBXFileReference; lastKnownFileType = sourcecode.swift; path = Friend.swift; sourceTree = "<group>"; };
		4624FFF423F02D24007454EA /* FriendZone.app */ = {isa = PBXFileReference; explicitFileType = wrapper.application; includeInIndex = 0; path = FriendZone.app; sourceTree = BUILT_PRODUCTS_DIR; };
		4624FFF723F02D24007454EA /* AppDelegate.swift */ = {isa = PBXFileReference; lastKnownFileType = sourcecode.swift; path = AppDelegate.swift; sourceTree = "<group>"; };
		4624FFF923F02D24007454EA /* SceneDelegate.swift */ = {isa = PBXFileReference; lastKnownFileType = sourcecode.swift; path = SceneDelegate.swift; sourceTree = "<group>"; };
		4624FFFB23F02D24007454EA /* ViewController.swift */ = {isa = PBXFileReference; lastKnownFileType = sourcecode.swift; path = ViewController.swift; sourceTree = "<group>"; };
		4624FFFE23F02D24007454EA /* Base */ = {isa = PBXFileReference; lastKnownFileType = file.storyboard; name = Base; path = Base.lproj/Main.storyboard; sourceTree = "<group>"; };
		4693CB8123F84D95004C7EC7 /* Int-Time Formatting.swift */ = {isa = PBXFileReference; lastKnownFileType = sourcecode.swift; path = "Int-Time Formatting.swift"; sourceTree = "<group>"; };
		46991C7A23F03AC70041C8BC /* FriendViewController.swift */ = {isa = PBXFileReference; lastKnownFileType = sourcecode.swift; path = FriendViewController.swift; sourceTree = "<group>"; };
		46D55A8823F03CA7002E19BE /* TextTableViewCell.swift */ = {isa = PBXFileReference; lastKnownFileType = sourcecode.swift; path = TextTableViewCell.swift; sourceTree = "<group>"; };
/* End PBXFileReference section */

/* Begin PBXFrameworksBuildPhase section */
		4624FFF123F02D24007454EA /* Frameworks */ = {
			isa = PBXFrameworksBuildPhase;
			buildActionMask = 2147483647;
			files = (
			);
			runOnlyForDeploymentPostprocessing = 0;
		};
/* End PBXFrameworksBuildPhase section */

/* Begin PBXGroup section */
		4624FFEB23F02D24007454EA = {
			isa = PBXGroup;
			children = (
				4624FFF623F02D24007454EA /* FriendZone */,
				4624FFF523F02D24007454EA /* Products */,
			);
			sourceTree = "<group>";
		};
		4624FFF523F02D24007454EA /* Products */ = {
			isa = PBXGroup;
			children = (
				4624FFF423F02D24007454EA /* FriendZone.app */,
			);
			name = Products;
			sourceTree = "<group>";
		};
		4624FFF623F02D24007454EA /* FriendZone */ = {
			isa = PBXGroup;
			children = (
				46991C7A23F03AC70041C8BC /* FriendViewController.swift */,
				4693CB8123F84D95004C7EC7 /* Int-Time Formatting.swift */,
				4624FFF723F02D24007454EA /* AppDelegate.swift */,
				4624FFF923F02D24007454EA /* SceneDelegate.swift */,
				4624FFFB23F02D24007454EA /* ViewController.swift */,
				46D55A8823F03CA7002E19BE /* TextTableViewCell.swift */,
				4624FFFD23F02D24007454EA /* Main.storyboard */,
				4624000B23F02DCA007454EA /* Friend.swift */,
				4624000023F02D25007454EA /* Assets.xcassets */,
				4624000223F02D25007454EA /* LaunchScreen.storyboard */,
				4624000523F02D25007454EA /* Info.plist */,
			);
			path = FriendZone;
			sourceTree = "<group>";
		};
/* End PBXGroup section */

/* Begin PBXNativeTarget section */
		4624FFF323F02D24007454EA /* FriendZone */ = {
			isa = PBXNativeTarget;
			buildConfigurationList = 4624000823F02D25007454EA /* Build configuration list for PBXNativeTarget "FriendZone" */;
			buildPhases = (
				4624FFF023F02D24007454EA /* Sources */,
				4624FFF123F02D24007454EA /* Frameworks */,
				4624FFF223F02D24007454EA /* Resources */,
			);
			buildRules = (
			);
			dependencies = (
			);
			name = FriendZone;
			productName = FriendZone;
			productReference = 4624FFF423F02D24007454EA /* FriendZone.app */;
			productType = "com.apple.product-type.application";
		};
/* End PBXNativeTarget section */

/* Begin PBXProject section */
		4624FFEC23F02D24007454EA /* Project object */ = {
			isa = PBXProject;
			attributes = {
				LastSwiftUpdateCheck = 1130;
				LastUpgradeCheck = 1130;
				ORGANIZATIONNAME = "Oliver Lippold";
				TargetAttributes = {
					4624FFF323F02D24007454EA = {
						CreatedOnToolsVersion = 11.3.1;
					};
				};
			};
			buildConfigurationList = 4624FFEF23F02D24007454EA /* Build configuration list for PBXProject "FriendZone" */;
			compatibilityVersion = "Xcode 9.3";
			developmentRegion = en;
			hasScannedForEncodings = 0;
			knownRegions = (
				en,
				Base,
			);
			mainGroup = 4624FFEB23F02D24007454EA;
			productRefGroup = 4624FFF523F02D24007454EA /* Products */;
			projectDirPath = "";
			projectRoot = "";
			targets = (
				4624FFF323F02D24007454EA /* FriendZone */,
			);
		};
/* End PBXProject section */

/* Begin PBXResourcesBuildPhase section */
		4624FFF223F02D24007454EA /* Resources */ = {
			isa = PBXResourcesBuildPhase;
			buildActionMask = 2147483647;
			files = (
				4624000423F02D25007454EA /* LaunchScreen.storyboard in Resources */,
				4624000123F02D25007454EA /* Assets.xcassets in Resources */,
				4624FFFF23F02D24007454EA /* Main.storyboard in Resources */,
			);
			runOnlyForDeploymentPostprocessing = 0;
		};
/* End PBXResourcesBuildPhase section */

/* Begin PBXSourcesBuildPhase section */
		4624FFF023F02D24007454EA /* Sources */ = {
			isa = PBXSourcesBuildPhase;
			buildActionMask = 2147483647;
			files = (
				4693CB8223F84D95004C7EC7 /* Int-Time Formatting.swift in Sources */,
				46D55A8923F03CA7002E19BE /* TextTableViewCell.swift in Sources */,
				4624FFFC23F02D24007454EA /* ViewController.swift in Sources */,
				4624FFF823F02D24007454EA /* AppDelegate.swift in Sources */,
				4624FFFA23F02D24007454EA /* SceneDelegate.swift in Sources */,
				4624000C23F02DCA007454EA /* Friend.swift in Sources */,
				46991C7B23F03AC70041C8BC /* FriendViewController.swift in Sources */,
			);
			runOnlyForDeploymentPostprocessing = 0;
		};
/* End PBXSourcesBuildPhase section */

/* Begin PBXVariantGroup section */
		4624000223F02D25007454EA /* LaunchScreen.storyboard */ = {
			isa = PBXVariantGroup;
			children = (
				4624000323F02D25007454EA /* Base */,
			);
			name = LaunchScreen.storyboard;
			sourceTree = "<group>";
		};
		4624FFFD23F02D24007454EA /* Main.storyboard */ = {
			isa = PBXVariantGroup;
			children = (
				4624FFFE23F02D24007454EA /* Base */,
			);
			name = Main.storyboard;
			sourceTree = "<group>";
		};
/* End PBXVariantGroup section */

/* Begin XCBuildConfiguration section */
		4624000623F02D25007454EA /* Debug */ = {
			isa = XCBuildConfiguration;
			buildSettings = {
				ALWAYS_SEARCH_USER_PATHS = NO;
				CLANG_ANALYZER_NONNULL = YES;
				CLANG_ANALYZER_NUMBER_OBJECT_CONVERSION = YES_AGGRESSIVE;
				CLANG_CXX_LANGUAGE_STANDARD = "gnu++14";
				CLANG_CXX_LIBRARY = "libc++";
				CLANG_ENABLE_MODULES = YES;
				CLANG_ENABLE_OBJC_ARC = YES;
				CLANG_ENABLE_OBJC_WEAK = YES;
				CLANG_WARN_BLOCK_CAPTURE_AUTORELEASING = YES;
				CLANG_WARN_BOOL_CONVERSION = YES;
				CLANG_WARN_COMMA = YES;
				CLANG_WARN_CONSTANT_CONVERSION = YES;
				CLANG_WARN_DEPRECATED_OBJC_IMPLEMENTATIONS = YES;
				CLANG_WARN_DIRECT_OBJC_ISA_USAGE = YES_ERROR;
				CLANG_WARN_DOCUMENTATION_COMMENTS = YES;
				CLANG_WARN_EMPTY_BODY = YES;
				CLANG_WARN_ENUM_CONVERSION = YES;
				CLANG_WARN_INFINITE_RECURSION = YES;
				CLANG_WARN_INT_CONVERSION = YES;
				CLANG_WARN_NON_LITERAL_NULL_CONVERSION = YES;
				CLANG_WARN_OBJC_IMPLICIT_RETAIN_SELF = YES;
				CLANG_WARN_OBJC_LITERAL_CONVERSION = YES;
				CLANG_WARN_OBJC_ROOT_CLASS = YES_ERROR;
				CLANG_WARN_RANGE_LOOP_ANALYSIS = YES;
				CLANG_WARN_STRICT_PROTOTYPES = YES;
				CLANG_WARN_SUSPICIOUS_MOVE = YES;
				CLANG_WARN_UNGUARDED_AVAILABILITY = YES_AGGRESSIVE;
				CLANG_WARN_UNREACHABLE_CODE = YES;
				CLANG_WARN__DUPLICATE_METHOD_MATCH = YES;
				COPY_PHASE_STRIP = NO;
				DEBUG_INFORMATION_FORMAT = dwarf;
				ENABLE_STRICT_OBJC_MSGSEND = YES;
				ENABLE_TESTABILITY = YES;
				GCC_C_LANGUAGE_STANDARD = gnu11;
				GCC_DYNAMIC_NO_PIC = NO;
				GCC_NO_COMMON_BLOCKS = YES;
				GCC_OPTIMIZATION_LEVEL = 0;
				GCC_PREPROCESSOR_DEFINITIONS = (
					"DEBUG=1",
					"$(inherited)",
				);
				GCC_WARN_64_TO_32_BIT_CONVERSION = YES;
				GCC_WARN_ABOUT_RETURN_TYPE = YES_ERROR;
				GCC_WARN_UNDECLARED_SELECTOR = YES;
				GCC_WARN_UNINITIALIZED_AUTOS = YES_AGGRESSIVE;
				GCC_WARN_UNUSED_FUNCTION = YES;
				GCC_WARN_UNUSED_VARIABLE = YES;
				IPHONEOS_DEPLOYMENT_TARGET = 13.2;
				MTL_ENABLE_DEBUG_INFO = INCLUDE_SOURCE;
				MTL_FAST_MATH = YES;
				ONLY_ACTIVE_ARCH = YES;
				SDKROOT = iphoneos;
				SWIFT_ACTIVE_COMPILATION_CONDITIONS = DEBUG;
				SWIFT_OPTIMIZATION_LEVEL = "-Onone";
			};
			name = Debug;
		};
		4624000723F02D25007454EA /* Release */ = {
			isa = XCBuildConfiguration;
			buildSettings = {
				ALWAYS_SEARCH_USER_PATHS = NO;
				CLANG_ANALYZER_NONNULL = YES;
				CLANG_ANALYZER_NUMBER_OBJECT_CONVERSION = YES_AGGRESSIVE;
				CLANG_CXX_LANGUAGE_STANDARD = "gnu++14";
				CLANG_CXX_LIBRARY = "libc++";
				CLANG_ENABLE_MODULES = YES;
				CLANG_ENABLE_OBJC_ARC = YES;
				CLANG_ENABLE_OBJC_WEAK = YES;
				CLANG_WARN_BLOCK_CAPTURE_AUTORELEASING = YES;
				CLANG_WARN_BOOL_CONVERSION = YES;
				CLANG_WARN_COMMA = YES;
				CLANG_WARN_CONSTANT_CONVERSION = YES;
				CLANG_WARN_DEPRECATED_OBJC_IMPLEMENTATIONS = YES;
				CLANG_WARN_DIRECT_OBJC_ISA_USAGE = YES_ERROR;
				CLANG_WARN_DOCUMENTATION_COMMENTS = YES;
				CLANG_WARN_EMPTY_BODY = YES;
				CLANG_WARN_ENUM_CONVERSION = YES;
				CLANG_WARN_INFINITE_RECURSION = YES;
				CLANG_WARN_INT_CONVERSION = YES;
				CLANG_WARN_NON_LITERAL_NULL_CONVERSION = YES;
				CLANG_WARN_OBJC_IMPLICIT_RETAIN_SELF = YES;
				CLANG_WARN_OBJC_LITERAL_CONVERSION = YES;
				CLANG_WARN_OBJC_ROOT_CLASS = YES_ERROR;
				CLANG_WARN_RANGE_LOOP_ANALYSIS = YES;
				CLANG_WARN_STRICT_PROTOTYPES = YES;
				CLANG_WARN_SUSPICIOUS_MOVE = YES;
				CLANG_WARN_UNGUARDED_AVAILABILITY = YES_AGGRESSIVE;
				CLANG_WARN_UNREACHABLE_CODE = YES;
				CLANG_WARN__DUPLICATE_METHOD_MATCH = YES;
				COPY_PHASE_STRIP = NO;
				DEBUG_INFORMATION_FORMAT = "dwarf-with-dsym";
				ENABLE_NS_ASSERTIONS = NO;
				ENABLE_STRICT_OBJC_MSGSEND = YES;
				GCC_C_LANGUAGE_STANDARD = gnu11;
				GCC_NO_COMMON_BLOCKS = YES;
				GCC_WARN_64_TO_32_BIT_CONVERSION = YES;
				GCC_WARN_ABOUT_RETURN_TYPE = YES_ERROR;
				GCC_WARN_UNDECLARED_SELECTOR = YES;
				GCC_WARN_UNINITIALIZED_AUTOS = YES_AGGRESSIVE;
				GCC_WARN_UNUSED_FUNCTION = YES;
				GCC_WARN_UNUSED_VARIABLE = YES;
				IPHONEOS_DEPLOYMENT_TARGET = 13.2;
				MTL_ENABLE_DEBUG_INFO = NO;
				MTL_FAST_MATH = YES;
				SDKROOT = iphoneos;
				SWIFT_COMPILATION_MODE = wholemodule;
				SWIFT_OPTIMIZATION_LEVEL = "-O";
				VALIDATE_PRODUCT = YES;
			};
			name = Release;
		};
		4624000923F02D25007454EA /* Debug */ = {
			isa = XCBuildConfiguration;
			buildSettings = {
				ASSETCATALOG_COMPILER_APPICON_NAME = AppIcon;
				CODE_SIGN_STYLE = Automatic;
				DEVELOPMENT_TEAM = 73MP3ATTJU;
				INFOPLIST_FILE = FriendZone/Info.plist;
				LD_RUNPATH_SEARCH_PATHS = (
					"$(inherited)",
					"@executable_path/Frameworks",
				);
				PRODUCT_BUNDLE_IDENTIFIER = com.lodgeblaid.FriendZone;
				PRODUCT_NAME = "$(TARGET_NAME)";
				SWIFT_VERSION = 5.0;
				TARGETED_DEVICE_FAMILY = "1,2";
			};
			name = Debug;
		};
		4624000A23F02D25007454EA /* Release */ = {
			isa = XCBuildConfiguration;
			buildSettings = {
				ASSETCATALOG_COMPILER_APPICON_NAME = AppIcon;
				CODE_SIGN_STYLE = Automatic;
				DEVELOPMENT_TEAM = 73MP3ATTJU;
				INFOPLIST_FILE = FriendZone/Info.plist;
				LD_RUNPATH_SEARCH_PATHS = (
					"$(inherited)",
					"@executable_path/Frameworks",
				);
				PRODUCT_BUNDLE_IDENTIFIER = com.lodgeblaid.FriendZone;
				PRODUCT_NAME = "$(TARGET_NAME)";
				SWIFT_VERSION = 5.0;
				TARGETED_DEVICE_FAMILY = "1,2";
			};
			name = Release;
		};
/* End XCBuildConfiguration section */

/* Begin XCConfigurationList section */
		4624000823F02D25007454EA /* Build configuration list for PBXNativeTarget "FriendZone" */ = {
			isa = XCConfigurationList;
			buildConfigurations = (
				4624000923F02D25007454EA /* Debug */,
				4624000A23F02D25007454EA /* Release */,
			);
			defaultConfigurationIsVisible = 0;
			defaultConfigurationName = Release;
		};
		4624FFEF23F02D24007454EA /* Build configuration list for PBXProject "FriendZone" */ = {
			isa = XCConfigurationList;
			buildConfigurations = (
				4624000623F02D25007454EA /* Debug */,
				4624000723F02D25007454EA /* Release */,
			);
			defaultConfigurationIsVisible = 0;
			defaultConfigurationName = Release;
		};
/* End XCConfigurationList section */
	};
	rootObject = 4624FFEC23F02D24007454EA /* Project object */;
}
